
Microsoft Visual Studio Solution File, Format Version 11.00
# Visual C# Express 2010
Project("{FAE04EC0-301F-11D3-BF4B-00C04F79EFBC}") = "Runner", "Hitachi\Runner.csproj", "{4376A14F-D6A2-4A75-8E86-5FFAF2667221}"
EndProject
Project("{FAE04EC0-301F-11D3-BF4B-00C04F79EFBC}") = "Model", "Model\Model.csproj", "{A8C40E16-0F60-4678-9B6F-23BA98329276}"
EndProject
Project("{FAE04EC0-301F-11D3-BF4B-00C04F79EFBC}") = "Model.NUnit", "Model.NUnit\Model.NUnit.csproj", "{7463362E-BA75-4B40-890A-396E35AD48E4}"
EndProject
Global
	GlobalSection(SolutionConfigurationPlatforms) = preSolution
		Debug|Any CPU = Debug|Any CPU
		Debug|Mixed Platforms = Debug|Mixed Platforms
		Debug|x86 = Debug|x86
		Release|Any CPU = Release|Any CPU
		Release|Mixed Platforms = Release|Mixed Platforms
		Release|x86 = Release|x86
	EndGlobalSection
	GlobalSection(ProjectConfigurationPlatforms) = postSolution
		{4376A14F-D6A2-4A75-8E86-5FFAF2667221}.Debug|Any CPU.ActiveCfg = Debug|x86
		{4376A14F-D6A2-4A75-8E86-5FFAF2667221}.Debug|Mixed Platforms.ActiveCfg = Debug|x86
		{4376A14F-D6A2-4A75-8E86-5FFAF2667221}.Debug|Mixed Platforms.Build.0 = Debug|x86
		{4376A14F-D6A2-4A75-8E86-5FFAF2667221}.Debug|x86.ActiveCfg = Debug|x86
		{4376A14F-D6A2-4A75-8E86-5FFAF2667221}.Debug|x86.Build.0 = Debug|x86
		{4376A14F-D6A2-4A75-8E86-5FFAF2667221}.Release|Any CPU.ActiveCfg = Release|x86
		{4376A14F-D6A2-4A75-8E86-5FFAF2667221}.Release|Mixed Platforms.ActiveCfg = Release|x86
		{4376A14F-D6A2-4A75-8E86-5FFAF2667221}.Release|Mixed Platforms.Build.0 = Release|x86
		{4376A14F-D6A2-4A75-8E86-5FFAF2667221}.Release|x86.ActiveCfg = Release|x86
		{4376A14F-D6A2-4A75-8E86-5FFAF2667221}.Release|x86.Build.0 = Release|x86
		{A8C40E16-0F60-4678-9B6F-23BA98329276}.Debug|Any CPU.ActiveCfg = Debug|Any CPU
		{A8C40E16-0F60-4678-9B6F-23BA98329276}.Debug|Any CPU.Build.0 = Debug|Any CPU
		{A8C40E16-0F60-4678-9B6F-23BA98329276}.Debug|Mixed Platforms.ActiveCfg = Debug|Any CPU
		{A8C40E16-0F60-4678-9B6F-23BA98329276}.Debug|Mixed Platforms.Build.0 = Debug|Any CPU
		{A8C40E16-0F60-4678-9B6F-23BA98329276}.Debug|x86.ActiveCfg = Debug|Any CPU
		{A8C40E16-0F60-4678-9B6F-23BA98329276}.Release|Any CPU.ActiveCfg = Release|Any CPU
		{A8C40E16-0F60-4678-9B6F-23BA98329276}.Release|Any CPU.Build.0 = Release|Any CPU
		{A8C40E16-0F60-4678-9B6F-23BA98329276}.Release|Mixed Platforms.ActiveCfg = Release|Any CPU
		{A8C40E16-0F60-4678-9B6F-23BA98329276}.Release|Mixed Platforms.Build.0 = Release|Any CPU
		{A8C40E16-0F60-4678-9B6F-23BA98329276}.Release|x86.ActiveCfg = Release|Any CPU
		{7463362E-BA75-4B40-890A-396E35AD48E4}.Debug|Any CPU.ActiveCfg = Debug|Any CPU
		{7463362E-BA75-4B40-890A-396E35AD48E4}.Debug|Any CPU.Build.0 = Debug|Any CPU
		{7463362E-BA75-4B40-890A-396E35AD48E4}.Debug|Mixed Platforms.ActiveCfg = Debug|Any CPU
		{7463362E-BA75-4B40-890A-396E35AD48E4}.Debug|Mixed Platforms.Build.0 = Debug|Any CPU
		{7463362E-BA75-4B40-890A-396E35AD48E4}.Debug|x86.ActiveCfg = Debug|Any CPU
		{7463362E-BA75-4B40-890A-396E35AD48E4}.Release|Any CPU.ActiveCfg = Release|Any CPU
		{7463362E-BA75-4B40-890A-396E35AD48E4}.Release|Any CPU.Build.0 = Release|Any CPU
		{7463362E-BA75-4B40-890A-396E35AD48E4}.Release|Mixed Platforms.ActiveCfg = Release|Any CPU
		{7463362E-BA75-4B40-890A-396E35AD48E4}.Release|Mixed Platforms.Build.0 = Release|Any CPU
		{7463362E-BA75-4B40-890A-396E35AD48E4}.Release|x86.ActiveCfg = Release|Any CPU
	EndGlobalSection
	GlobalSection(SolutionProperties) = preSolution
		HideSolutionNode = FALSE
	EndGlobalSection
EndGlobal
